
Microsoft Visual Studio Solution File, Format Version 12.00
Project("{FAE04EC0-301F-11D3-BF4B-00C04F79EFBC}") = "Domain", "Domain\Domain.csproj", "{C4577EF2-E2EE-4C54-A535-0A4981F891F9}"
EndProject
Project("{FAE04EC0-301F-11D3-BF4B-00C04F79EFBC}") = "Application", "Application\Application.csproj", "{8BBF5C49-86B1-432D-AF14-7332788D6A00}"
EndProject
Project("{2150E333-8FDC-42A3-9474-1A3956D46DE8}") = "src", "src", "{4972F636-FEE4-46F9-9DAA-9D0E14CA5B25}"
EndProject
Project("{2150E333-8FDC-42A3-9474-1A3956D46DE8}") = "Core", "Core", "{72A65092-1423-4AE2-83B6-7470959A34CA}"
EndProject
Project("{2150E333-8FDC-42A3-9474-1A3956D46DE8}") = "Infrastructure", "Infrastructure", "{9959DA36-6663-4D1B-802A-1704E2EA85B0}"
EndProject
Project("{FAE04EC0-301F-11D3-BF4B-00C04F79EFBC}") = "Persistence", "Persistence\Persistence.csproj", "{C7EDD40C-0643-46E4-854C-2A3635B1279D}"
EndProject
Project("{2150E333-8FDC-42A3-9474-1A3956D46DE8}") = "Presentation", "Presentation", "{8426A624-3CCF-42FF-802D-5026D6C5CEB5}"
EndProject
Project("{FAE04EC0-301F-11D3-BF4B-00C04F79EFBC}") = "UACRun", "UACRun\UACRun.csproj", "{9F0106CF-F4E6-40F9-83FF-2ED9B8BF4E47}"
EndProject
Global
	GlobalSection(SolutionConfigurationPlatforms) = preSolution
		Debug|Any CPU = Debug|Any CPU
		Release|Any CPU = Release|Any CPU
	EndGlobalSection
	GlobalSection(ProjectConfigurationPlatforms) = postSolution
		{C4577EF2-E2EE-4C54-A535-0A4981F891F9}.Debug|Any CPU.ActiveCfg = Debug|Any CPU
		{C4577EF2-E2EE-4C54-A535-0A4981F891F9}.Debug|Any CPU.Build.0 = Debug|Any CPU
		{C4577EF2-E2EE-4C54-A535-0A4981F891F9}.Release|Any CPU.ActiveCfg = Release|Any CPU
		{C4577EF2-E2EE-4C54-A535-0A4981F891F9}.Release|Any CPU.Build.0 = Release|Any CPU
		{8BBF5C49-86B1-432D-AF14-7332788D6A00}.Debug|Any CPU.ActiveCfg = Debug|Any CPU
		{8BBF5C49-86B1-432D-AF14-7332788D6A00}.Debug|Any CPU.Build.0 = Debug|Any CPU
		{8BBF5C49-86B1-432D-AF14-7332788D6A00}.Release|Any CPU.ActiveCfg = Release|Any CPU
		{8BBF5C49-86B1-432D-AF14-7332788D6A00}.Release|Any CPU.Build.0 = Release|Any CPU
		{C7EDD40C-0643-46E4-854C-2A3635B1279D}.Debug|Any CPU.ActiveCfg = Debug|Any CPU
		{C7EDD40C-0643-46E4-854C-2A3635B1279D}.Debug|Any CPU.Build.0 = Debug|Any CPU
		{C7EDD40C-0643-46E4-854C-2A3635B1279D}.Release|Any CPU.ActiveCfg = Release|Any CPU
		{C7EDD40C-0643-46E4-854C-2A3635B1279D}.Release|Any CPU.Build.0 = Release|Any CPU
		{9F0106CF-F4E6-40F9-83FF-2ED9B8BF4E47}.Debug|Any CPU.ActiveCfg = Debug|Any CPU
		{9F0106CF-F4E6-40F9-83FF-2ED9B8BF4E47}.Debug|Any CPU.Build.0 = Debug|Any CPU
		{9F0106CF-F4E6-40F9-83FF-2ED9B8BF4E47}.Release|Any CPU.ActiveCfg = Release|Any CPU
		{9F0106CF-F4E6-40F9-83FF-2ED9B8BF4E47}.Release|Any CPU.Build.0 = Release|Any CPU
	EndGlobalSection
	GlobalSection(NestedProjects) = preSolution
		{72A65092-1423-4AE2-83B6-7470959A34CA} = {4972F636-FEE4-46F9-9DAA-9D0E14CA5B25}
		{8BBF5C49-86B1-432D-AF14-7332788D6A00} = {72A65092-1423-4AE2-83B6-7470959A34CA}
		{C4577EF2-E2EE-4C54-A535-0A4981F891F9} = {72A65092-1423-4AE2-83B6-7470959A34CA}
		{9959DA36-6663-4D1B-802A-1704E2EA85B0} = {4972F636-FEE4-46F9-9DAA-9D0E14CA5B25}
		{C7EDD40C-0643-46E4-854C-2A3635B1279D} = {9959DA36-6663-4D1B-802A-1704E2EA85B0}
		{8426A624-3CCF-42FF-802D-5026D6C5CEB5} = {4972F636-FEE4-46F9-9DAA-9D0E14CA5B25}
		{9F0106CF-F4E6-40F9-83FF-2ED9B8BF4E47} = {8426A624-3CCF-42FF-802D-5026D6C5CEB5}
	EndGlobalSection
EndGlobal
